// !$*UTF8*$!
{
	archiveVersion = 1;
	classes = {
	};
	objectVersion = 48;
	objects = {

/* Begin PBXBuildFile section */
		CF6F98562047151E0093E81E /* Experiments.swift in Sources */ = {isa = PBXBuildFile; fileRef = CF6F98552047151E0093E81E /* Experiments.swift */; };
		CF6F98582047404A0093E81E /* MeteorManager.swift in Sources */ = {isa = PBXBuildFile; fileRef = CF6F98572047404A0093E81E /* MeteorManager.swift */; };
		CFE5DB71204470A20080C763 /* AppDelegate.swift in Sources */ = {isa = PBXBuildFile; fileRef = CFE5DB70204470A20080C763 /* AppDelegate.swift */; };
		CFE5DB73204470A20080C763 /* art.scnassets in Resources */ = {isa = PBXBuildFile; fileRef = CFE5DB72204470A20080C763 /* art.scnassets */; };
		CFE5DB75204470A20080C763 /* ViewController.swift in Sources */ = {isa = PBXBuildFile; fileRef = CFE5DB74204470A20080C763 /* ViewController.swift */; };
		CFE5DB78204470A20080C763 /* Main.storyboard in Resources */ = {isa = PBXBuildFile; fileRef = CFE5DB76204470A20080C763 /* Main.storyboard */; };
		CFE5DB7A204470A20080C763 /* Assets.xcassets in Resources */ = {isa = PBXBuildFile; fileRef = CFE5DB79204470A20080C763 /* Assets.xcassets */; };
		CFE5DB7D204470A20080C763 /* LaunchScreen.storyboard in Resources */ = {isa = PBXBuildFile; fileRef = CFE5DB7B204470A20080C763 /* LaunchScreen.storyboard */; };
		CFE5DB8520447ADF0080C763 /* Types.swift in Sources */ = {isa = PBXBuildFile; fileRef = CFE5DB8420447ADF0080C763 /* Types.swift */; };
/* End PBXBuildFile section */

/* Begin PBXFileReference section */
		CF6F98552047151E0093E81E /* Experiments.swift */ = {isa = PBXFileReference; lastKnownFileType = sourcecode.swift; path = Experiments.swift; sourceTree = "<group>"; };
		CF6F98572047404A0093E81E /* MeteorManager.swift */ = {isa = PBXFileReference; lastKnownFileType = sourcecode.swift; path = MeteorManager.swift; sourceTree = "<group>"; };
		CFE5DB6D204470A20080C763 /* ARNanoChallenge.app */ = {isa = PBXFileReference; explicitFileType = wrapper.application; includeInIndex = 0; path = ARNanoChallenge.app; sourceTree = BUILT_PRODUCTS_DIR; };
		CFE5DB70204470A20080C763 /* AppDelegate.swift */ = {isa = PBXFileReference; lastKnownFileType = sourcecode.swift; path = AppDelegate.swift; sourceTree = "<group>"; };
		CFE5DB72204470A20080C763 /* art.scnassets */ = {isa = PBXFileReference; lastKnownFileType = wrapper.scnassets; path = art.scnassets; sourceTree = "<group>"; };
		CFE5DB74204470A20080C763 /* ViewController.swift */ = {isa = PBXFileReference; lastKnownFileType = sourcecode.swift; path = ViewController.swift; sourceTree = "<group>"; };
		CFE5DB77204470A20080C763 /* Base */ = {isa = PBXFileReference; lastKnownFileType = file.storyboard; name = Base; path = Base.lproj/Main.storyboard; sourceTree = "<group>"; };
		CFE5DB79204470A20080C763 /* Assets.xcassets */ = {isa = PBXFileReference; lastKnownFileType = folder.assetcatalog; path = Assets.xcassets; sourceTree = "<group>"; };
		CFE5DB7C204470A20080C763 /* Base */ = {isa = PBXFileReference; lastKnownFileType = file.storyboard; name = Base; path = Base.lproj/LaunchScreen.storyboard; sourceTree = "<group>"; };
		CFE5DB7E204470A20080C763 /* Info.plist */ = {isa = PBXFileReference; lastKnownFileType = text.plist.xml; path = Info.plist; sourceTree = "<group>"; };
		CFE5DB8420447ADF0080C763 /* Types.swift */ = {isa = PBXFileReference; lastKnownFileType = sourcecode.swift; path = Types.swift; sourceTree = "<group>"; };
/* End PBXFileReference section */

/* Begin PBXFrameworksBuildPhase section */
		CFE5DB6A204470A20080C763 /* Frameworks */ = {
			isa = PBXFrameworksBuildPhase;
			buildActionMask = 2147483647;
			files = (
			);
			runOnlyForDeploymentPostprocessing = 0;
		};
/* End PBXFrameworksBuildPhase section */

/* Begin PBXGroup section */
		CFE5DB64204470A20080C763 = {
			isa = PBXGroup;
			children = (
				CFE5DB6F204470A20080C763 /* ARNanoChallenge */,
				CFE5DB6E204470A20080C763 /* Products */,
			);
			sourceTree = "<group>";
		};
		CFE5DB6E204470A20080C763 /* Products */ = {
			isa = PBXGroup;
			children = (
				CFE5DB6D204470A20080C763 /* ARNanoChallenge.app */,
			);
			name = Products;
			sourceTree = "<group>";
		};
		CFE5DB6F204470A20080C763 /* ARNanoChallenge */ = {
			isa = PBXGroup;
			children = (
				CFE5DB8720447B780080C763 /* Main */,
				CFE5DB8620447B430080C763 /* Util */,
				CFE5DB70204470A20080C763 /* AppDelegate.swift */,
				CFE5DB72204470A20080C763 /* art.scnassets */,
				CFE5DB79204470A20080C763 /* Assets.xcassets */,
				CFE5DB7B204470A20080C763 /* LaunchScreen.storyboard */,
				CFE5DB7E204470A20080C763 /* Info.plist */,
			);
			path = ARNanoChallenge;
			sourceTree = "<group>";
		};
		CFE5DB8620447B430080C763 /* Util */ = {
			isa = PBXGroup;
			children = (
				CFE5DB8420447ADF0080C763 /* Types.swift */,
				CF6F98572047404A0093E81E /* MeteorManager.swift */,
			);
			path = Util;
			sourceTree = "<group>";
		};
		CFE5DB8720447B780080C763 /* Main */ = {
			isa = PBXGroup;
			children = (
				CFE5DB74204470A20080C763 /* ViewController.swift */,
				CFE5DB76204470A20080C763 /* Main.storyboard */,
				CF6F98552047151E0093E81E /* Experiments.swift */,
			);
			path = Main;
			sourceTree = "<group>";
		};
/* End PBXGroup section */

/* Begin PBXNativeTarget section */
		CFE5DB6C204470A20080C763 /* ARNanoChallenge */ = {
			isa = PBXNativeTarget;
			buildConfigurationList = CFE5DB81204470A20080C763 /* Build configuration list for PBXNativeTarget "ARNanoChallenge" */;
			buildPhases = (
				CFE5DB69204470A20080C763 /* Sources */,
				CFE5DB6A204470A20080C763 /* Frameworks */,
				CFE5DB6B204470A20080C763 /* Resources */,
			);
			buildRules = (
			);
			dependencies = (
			);
			name = ARNanoChallenge;
			productName = ARNanoChallenge;
			productReference = CFE5DB6D204470A20080C763 /* ARNanoChallenge.app */;
			productType = "com.apple.product-type.application";
		};
/* End PBXNativeTarget section */

/* Begin PBXProject section */
		CFE5DB65204470A20080C763 /* Project object */ = {
			isa = PBXProject;
			attributes = {
				LastSwiftUpdateCheck = 0920;
				LastUpgradeCheck = 0920;
				ORGANIZATIONNAME = "Renan Germano";
				TargetAttributes = {
					CFE5DB6C204470A20080C763 = {
						CreatedOnToolsVersion = 9.2;
						ProvisioningStyle = Automatic;
					};
				};
			};
			buildConfigurationList = CFE5DB68204470A20080C763 /* Build configuration list for PBXProject "ARNanoChallenge" */;
			compatibilityVersion = "Xcode 8.0";
			developmentRegion = en;
			hasScannedForEncodings = 0;
			knownRegions = (
				en,
				Base,
			);
			mainGroup = CFE5DB64204470A20080C763;
			productRefGroup = CFE5DB6E204470A20080C763 /* Products */;
			projectDirPath = "";
			projectRoot = "";
			targets = (
				CFE5DB6C204470A20080C763 /* ARNanoChallenge */,
			);
		};
/* End PBXProject section */

/* Begin PBXResourcesBuildPhase section */
		CFE5DB6B204470A20080C763 /* Resources */ = {
			isa = PBXResourcesBuildPhase;
			buildActionMask = 2147483647;
			files = (
				CFE5DB73204470A20080C763 /* art.scnassets in Resources */,
				CFE5DB7D204470A20080C763 /* LaunchScreen.storyboard in Resources */,
				CFE5DB7A204470A20080C763 /* Assets.xcassets in Resources */,
				CFE5DB78204470A20080C763 /* Main.storyboard in Resources */,
			);
			runOnlyForDeploymentPostprocessing = 0;
		};
/* End PBXResourcesBuildPhase section */

/* Begin PBXSourcesBuildPhase section */
		CFE5DB69204470A20080C763 /* Sources */ = {
			isa = PBXSourcesBuildPhase;
			buildActionMask = 2147483647;
			files = (
				CF6F98582047404A0093E81E /* MeteorManager.swift in Sources */,
				CF6F98562047151E0093E81E /* Experiments.swift in Sources */,
				CFE5DB75204470A20080C763 /* ViewController.swift in Sources */,
				CFE5DB8520447ADF0080C763 /* Types.swift in Sources */,
				CFE5DB71204470A20080C763 /* AppDelegate.swift in Sources */,
			);
			runOnlyForDeploymentPostprocessing = 0;
		};
/* End PBXSourcesBuildPhase section */

/* Begin PBXVariantGroup section */
		CFE5DB76204470A20080C763 /* Main.storyboard */ = {
			isa = PBXVariantGroup;
			children = (
				CFE5DB77204470A20080C763 /* Base */,
			);
			name = Main.storyboard;
			sourceTree = "<group>";
		};
		CFE5DB7B204470A20080C763 /* LaunchScreen.storyboard */ = {
			isa = PBXVariantGroup;
			children = (
				CFE5DB7C204470A20080C763 /* Base */,
			);
			name = LaunchScreen.storyboard;
			sourceTree = "<group>";
		};
/* End PBXVariantGroup section */

/* Begin XCBuildConfiguration section */
		CFE5DB7F204470A20080C763 /* Debug */ = {
			isa = XCBuildConfiguration;
			buildSettings = {
				ALWAYS_SEARCH_USER_PATHS = NO;
				CLANG_ANALYZER_NONNULL = YES;
				CLANG_ANALYZER_NUMBER_OBJECT_CONVERSION = YES_AGGRESSIVE;
				CLANG_CXX_LANGUAGE_STANDARD = "gnu++14";
				CLANG_CXX_LIBRARY = "libc++";
				CLANG_ENABLE_MODULES = YES;
				CLANG_ENABLE_OBJC_ARC = YES;
				CLANG_WARN_BLOCK_CAPTURE_AUTORELEASING = YES;
				CLANG_WARN_BOOL_CONVERSION = YES;
				CLANG_WARN_COMMA = YES;
				CLANG_WARN_CONSTANT_CONVERSION = YES;
				CLANG_WARN_DIRECT_OBJC_ISA_USAGE = YES_ERROR;
				CLANG_WARN_DOCUMENTATION_COMMENTS = YES;
				CLANG_WARN_EMPTY_BODY = YES;
				CLANG_WARN_ENUM_CONVERSION = YES;
				CLANG_WARN_INFINITE_RECURSION = YES;
				CLANG_WARN_INT_CONVERSION = YES;
				CLANG_WARN_NON_LITERAL_NULL_CONVERSION = YES;
				CLANG_WARN_OBJC_LITERAL_CONVERSION = YES;
				CLANG_WARN_OBJC_ROOT_CLASS = YES_ERROR;
				CLANG_WARN_RANGE_LOOP_ANALYSIS = YES;
				CLANG_WARN_STRICT_PROTOTYPES = YES;
				CLANG_WARN_SUSPICIOUS_MOVE = YES;
				CLANG_WARN_UNGUARDED_AVAILABILITY = YES_AGGRESSIVE;
				CLANG_WARN_UNREACHABLE_CODE = YES;
				CLANG_WARN__DUPLICATE_METHOD_MATCH = YES;
				CODE_SIGN_IDENTITY = "iPhone Developer";
				COPY_PHASE_STRIP = NO;
				DEBUG_INFORMATION_FORMAT = dwarf;
				ENABLE_STRICT_OBJC_MSGSEND = YES;
				ENABLE_TESTABILITY = YES;
				GCC_C_LANGUAGE_STANDARD = gnu11;
				GCC_DYNAMIC_NO_PIC = NO;
				GCC_NO_COMMON_BLOCKS = YES;
				GCC_OPTIMIZATION_LEVEL = 0;
				GCC_PREPROCESSOR_DEFINITIONS = (
					"DEBUG=1",
					"$(inherited)",
				);
				GCC_WARN_64_TO_32_BIT_CONVERSION = YES;
				GCC_WARN_ABOUT_RETURN_TYPE = YES_ERROR;
				GCC_WARN_UNDECLARED_SELECTOR = YES;
				GCC_WARN_UNINITIALIZED_AUTOS = YES_AGGRESSIVE;
				GCC_WARN_UNUSED_FUNCTION = YES;
				GCC_WARN_UNUSED_VARIABLE = YES;
				IPHONEOS_DEPLOYMENT_TARGET = 11.2;
				MTL_ENABLE_DEBUG_INFO = YES;
				ONLY_ACTIVE_ARCH = YES;
				SDKROOT = iphoneos;
				SWIFT_ACTIVE_COMPILATION_CONDITIONS = DEBUG;
				SWIFT_OPTIMIZATION_LEVEL = "-Onone";
			};
			name = Debug;
		};
		CFE5DB80204470A20080C763 /* Release */ = {
			isa = XCBuildConfiguration;
			buildSettings = {
				ALWAYS_SEARCH_USER_PATHS = NO;
				CLANG_ANALYZER_NONNULL = YES;
				CLANG_ANALYZER_NUMBER_OBJECT_CONVERSION = YES_AGGRESSIVE;
				CLANG_CXX_LANGUAGE_STANDARD = "gnu++14";
				CLANG_CXX_LIBRARY = "libc++";
				CLANG_ENABLE_MODULES = YES;
				CLANG_ENABLE_OBJC_ARC = YES;
				CLANG_WARN_BLOCK_CAPTURE_AUTORELEASING = YES;
				CLANG_WARN_BOOL_CONVERSION = YES;
				CLANG_WARN_COMMA = YES;
				CLANG_WARN_CONSTANT_CONVERSION = YES;
				CLANG_WARN_DIRECT_OBJC_ISA_USAGE = YES_ERROR;
				CLANG_WARN_DOCUMENTATION_COMMENTS = YES;
				CLANG_WARN_EMPTY_BODY = YES;
				CLANG_WARN_ENUM_CONVERSION = YES;
				CLANG_WARN_INFINITE_RECURSION = YES;
				CLANG_WARN_INT_CONVERSION = YES;
				CLANG_WARN_NON_LITERAL_NULL_CONVERSION = YES;
				CLANG_WARN_OBJC_LITERAL_CONVERSION = YES;
				CLANG_WARN_OBJC_ROOT_CLASS = YES_ERROR;
				CLANG_WARN_RANGE_LOOP_ANALYSIS = YES;
				CLANG_WARN_STRICT_PROTOTYPES = YES;
				CLANG_WARN_SUSPICIOUS_MOVE = YES;
				CLANG_WARN_UNGUARDED_AVAILABILITY = YES_AGGRESSIVE;
				CLANG_WARN_UNREACHABLE_CODE = YES;
				CLANG_WARN__DUPLICATE_METHOD_MATCH = YES;
				CODE_SIGN_IDENTITY = "iPhone Developer";
				COPY_PHASE_STRIP = NO;
				DEBUG_INFORMATION_FORMAT = "dwarf-with-dsym";
				ENABLE_NS_ASSERTIONS = NO;
				ENABLE_STRICT_OBJC_MSGSEND = YES;
				GCC_C_LANGUAGE_STANDARD = gnu11;
				GCC_NO_COMMON_BLOCKS = YES;
				GCC_WARN_64_TO_32_BIT_CONVERSION = YES;
				GCC_WARN_ABOUT_RETURN_TYPE = YES_ERROR;
				GCC_WARN_UNDECLARED_SELECTOR = YES;
				GCC_WARN_UNINITIALIZED_AUTOS = YES_AGGRESSIVE;
				GCC_WARN_UNUSED_FUNCTION = YES;
				GCC_WARN_UNUSED_VARIABLE = YES;
				IPHONEOS_DEPLOYMENT_TARGET = 11.2;
				MTL_ENABLE_DEBUG_INFO = NO;
				SDKROOT = iphoneos;
				SWIFT_OPTIMIZATION_LEVEL = "-Owholemodule";
				VALIDATE_PRODUCT = YES;
			};
			name = Release;
		};
		CFE5DB82204470A20080C763 /* Debug */ = {
			isa = XCBuildConfiguration;
			buildSettings = {
				ASSETCATALOG_COMPILER_APPICON_NAME = AppIcon;
				CODE_SIGN_STYLE = Automatic;
				DEVELOPMENT_TEAM = C45KF93FKW;
				INFOPLIST_FILE = ARNanoChallenge/Info.plist;
				LD_RUNPATH_SEARCH_PATHS = "$(inherited) @executable_path/Frameworks";
				PRODUCT_BUNDLE_IDENTIFIER = mack.com.br.ARNanoChallenge;
				PRODUCT_NAME = "$(TARGET_NAME)";
				SWIFT_VERSION = 4.0;
				TARGETED_DEVICE_FAMILY = "1,2";
			};
			name = Debug;
		};
		CFE5DB83204470A20080C763 /* Release */ = {
			isa = XCBuildConfiguration;
			buildSettings = {
				ASSETCATALOG_COMPILER_APPICON_NAME = AppIcon;
				CODE_SIGN_STYLE = Automatic;
				DEVELOPMENT_TEAM = C45KF93FKW;
				INFOPLIST_FILE = ARNanoChallenge/Info.plist;
				LD_RUNPATH_SEARCH_PATHS = "$(inherited) @executable_path/Frameworks";
				PRODUCT_BUNDLE_IDENTIFIER = mack.com.br.ARNanoChallenge;
				PRODUCT_NAME = "$(TARGET_NAME)";
				SWIFT_VERSION = 4.0;
				TARGETED_DEVICE_FAMILY = "1,2";
			};
			name = Release;
		};
/* End XCBuildConfiguration section */

/* Begin XCConfigurationList section */
		CFE5DB68204470A20080C763 /* Build configuration list for PBXProject "ARNanoChallenge" */ = {
			isa = XCConfigurationList;
			buildConfigurations = (
				CFE5DB7F204470A20080C763 /* Debug */,
				CFE5DB80204470A20080C763 /* Release */,
			);
			defaultConfigurationIsVisible = 0;
			defaultConfigurationName = Release;
		};
		CFE5DB81204470A20080C763 /* Build configuration list for PBXNativeTarget "ARNanoChallenge" */ = {
			isa = XCConfigurationList;
			buildConfigurations = (
				CFE5DB82204470A20080C763 /* Debug */,
				CFE5DB83204470A20080C763 /* Release */,
			);
			defaultConfigurationIsVisible = 0;
			defaultConfigurationName = Release;
		};
/* End XCConfigurationList section */
	};
	rootObject = CFE5DB65204470A20080C763 /* Project object */;
}
